
Microsoft Visual Studio Solution File, Format Version 12.00
# Visual Studio Version 17
VisualStudioVersion = 17.11.35219.272
MinimumVisualStudioVersion = 10.0.40219.1
Project("{FAE04EC0-301F-11D3-BF4B-00C04F79EFBC}") = "MvcHoliday", "MvcHoliday.csproj", "{A91C8E32-7D5F-4F09-81B5-810E6A9024A6}"
EndProject
Global
	GlobalSection(SolutionConfigurationPlatforms) = preSolution
		Debug|Any CPU = Debug|Any CPU
		Release|Any CPU = Release|Any CPU
	EndGlobalSection
	GlobalSection(ProjectConfigurationPlatforms) = postSolution
		{A91C8E32-7D5F-4F09-81B5-810E6A9024A6}.Debug|Any CPU.ActiveCfg = Debug|Any CPU
		{A91C8E32-7D5F-4F09-81B5-810E6A9024A6}.Debug|Any CPU.Build.0 = Debug|Any CPU
		{A91C8E32-7D5F-4F09-81B5-810E6A9024A6}.Release|Any CPU.ActiveCfg = Release|Any CPU
		{A91C8E32-7D5F-4F09-81B5-810E6A9024A6}.Release|Any CPU.Build.0 = Release|Any CPU
	EndGlobalSection
	GlobalSection(SolutionProperties) = preSolution
		HideSolutionNode = FALSE
	EndGlobalSection
	GlobalSection(ExtensibilityGlobals) = postSolution
		SolutionGuid = {E5DA0556-4344-475A-ACB7-38CE55AEAD39}
	EndGlobalSection
EndGlobal
